
Microsoft Visual Studio Solution File, Format Version 12.00
# Visual Studio 15
VisualStudioVersion = 15.0.27703.2026
MinimumVisualStudioVersion = 10.0.40219.1
Project("{FAE04EC0-301F-11D3-BF4B-00C04F79EFBC}") = "trabajo_repos", "trabajo_repos\trabajo_repos.csproj", "{DA6CF7D8-0D88-413A-BADD-3BD76764795E}"
EndProject
Global
	GlobalSection(SolutionConfigurationPlatforms) = preSolution
		Debug|Any CPU = Debug|Any CPU
		Release|Any CPU = Release|Any CPU
	EndGlobalSection
	GlobalSection(ProjectConfigurationPlatforms) = postSolution
		{DA6CF7D8-0D88-413A-BADD-3BD76764795E}.Debug|Any CPU.ActiveCfg = Debug|Any CPU
		{DA6CF7D8-0D88-413A-BADD-3BD76764795E}.Debug|Any CPU.Build.0 = Debug|Any CPU
		{DA6CF7D8-0D88-413A-BADD-3BD76764795E}.Release|Any CPU.ActiveCfg = Release|Any CPU
		{DA6CF7D8-0D88-413A-BADD-3BD76764795E}.Release|Any CPU.Build.0 = Release|Any CPU
	EndGlobalSection
	GlobalSection(SolutionProperties) = preSolution
		HideSolutionNode = FALSE
	EndGlobalSection
	GlobalSection(ExtensibilityGlobals) = postSolution
		SolutionGuid = {4AD71824-3A29-4B2D-8A3D-02F9750A9068}
	EndGlobalSection
EndGlobal
